2
git https://github.com/nektro/zig-licenses-text commit-3c07c6e4eb0965dafd0b029c632f823631b3169c
git https://github.com/nektro/zig-leven commit-8e9f827117ab1418578b692a2325754cc3ee692d
git https://github.com/nektro/zig-range commit-890ca308fe09b3d5c866d5cfb3b3d7a95dbf939f
git https://github.com/nektro/zig-fs-check commit-dcd8da90fcb8bf3c9887e713bf0ec072bc897dd5
